
Microsoft Visual Studio Solution File, Format Version 12.00
# Visual Studio Version 16
VisualStudioVersion = 16.0.30413.136
MinimumVisualStudioVersion = 10.0.40219.1
Project("{9A19103F-16F7-4668-BE54-9A1E7A4F7556}") = "Blog", "Blog.csproj", "{4AF38D36-BF62-4D02-8953-A990FF666330}"
EndProject
Global
	GlobalSection(SolutionConfigurationPlatforms) = preSolution
		Debug|Any CPU = Debug|Any CPU
		Release|Any CPU = Release|Any CPU
	EndGlobalSection
	GlobalSection(ProjectConfigurationPlatforms) = postSolution
		{4AF38D36-BF62-4D02-8953-A990FF666330}.Debug|Any CPU.ActiveCfg = Debug|Any CPU
		{4AF38D36-BF62-4D02-8953-A990FF666330}.Debug|Any CPU.Build.0 = Debug|Any CPU
		{4AF38D36-BF62-4D02-8953-A990FF666330}.Release|Any CPU.ActiveCfg = Release|Any CPU
		{4AF38D36-BF62-4D02-8953-A990FF666330}.Release|Any CPU.Build.0 = Release|Any CPU
	EndGlobalSection
	GlobalSection(SolutionProperties) = preSolution
		HideSolutionNode = FALSE
	EndGlobalSection
	GlobalSection(ExtensibilityGlobals) = postSolution
		SolutionGuid = {16FC4F1F-0BCB-473F-A929-C3D02ACEFF56}
	EndGlobalSection
EndGlobal
